
Microsoft Visual Studio Solution File, Format Version 12.00
# Visual Studio Version 17
VisualStudioVersion = 17.9.34622.214
MinimumVisualStudioVersion = 10.0.40219.1
Project("{FAE04EC0-301F-11D3-BF4B-00C04F79EFBC}") = "XiODevices", "XiODevices.csproj", "{4829E1A1-8056-46EC-9B4F-61306868B053}"
EndProject
Global
	GlobalSection(SolutionConfigurationPlatforms) = preSolution
		Debug|Any CPU = Debug|Any CPU
		Release|Any CPU = Release|Any CPU
	EndGlobalSection
	GlobalSection(ProjectConfigurationPlatforms) = postSolution
		{4829E1A1-8056-46EC-9B4F-61306868B053}.Debug|Any CPU.ActiveCfg = Debug|Any CPU
		{4829E1A1-8056-46EC-9B4F-61306868B053}.Debug|Any CPU.Build.0 = Debug|Any CPU
		{4829E1A1-8056-46EC-9B4F-61306868B053}.Release|Any CPU.ActiveCfg = Release|Any CPU
		{4829E1A1-8056-46EC-9B4F-61306868B053}.Release|Any CPU.Build.0 = Release|Any CPU
	EndGlobalSection
	GlobalSection(SolutionProperties) = preSolution
		HideSolutionNode = FALSE
	EndGlobalSection
	GlobalSection(ExtensibilityGlobals) = postSolution
		SolutionGuid = {950F9602-8E79-4E04-868B-EB66D78E04F6}
	EndGlobalSection
EndGlobal
